
Microsoft Visual Studio Solution File, Format Version 12.00
# Visual Studio Version 17
VisualStudioVersion = 17.0.32112.339
MinimumVisualStudioVersion = 10.0.40219.1
Project("{FAE04EC0-301F-11D3-BF4B-00C04F79EFBC}") = "StudentAdminPortal.API", "StudentAdminPortal.API\StudentAdminPortal.API.csproj", "{F576E7BA-9561-414E-B29D-67A345F376B7}"
EndProject
Global
	GlobalSection(SolutionConfigurationPlatforms) = preSolution
		Debug|Any CPU = Debug|Any CPU
		Release|Any CPU = Release|Any CPU
	EndGlobalSection
	GlobalSection(ProjectConfigurationPlatforms) = postSolution
		{F576E7BA-9561-414E-B29D-67A345F376B7}.Debug|Any CPU.ActiveCfg = Debug|Any CPU
		{F576E7BA-9561-414E-B29D-67A345F376B7}.Debug|Any CPU.Build.0 = Debug|Any CPU
		{F576E7BA-9561-414E-B29D-67A345F376B7}.Release|Any CPU.ActiveCfg = Release|Any CPU
		{F576E7BA-9561-414E-B29D-67A345F376B7}.Release|Any CPU.Build.0 = Release|Any CPU
	EndGlobalSection
	GlobalSection(SolutionProperties) = preSolution
		HideSolutionNode = FALSE
	EndGlobalSection
	GlobalSection(ExtensibilityGlobals) = postSolution
		SolutionGuid = {B1A38705-A150-4308-AF44-39AD14266579}
	EndGlobalSection
EndGlobal
